# generated by rye
# use `rye lock` or `rye sync` to update this lockfile
#
# last locked with the following flags:
#   pre: false
#   features: []
#   all-features: false
#   with-sources: false
#   generate-hashes: false
#   universal: true

astroid==3.2.3
    # via pylint
attrs==23.2.0
    # via cellophane
    # via jsonschema
    # via referencing
black==23.12.1
cellophane @ git+https://github.com/ClinicalGenomicsGBG/cellophane.git@e52d3bb0ec7aef42c8dc34cf6c1bd01428d3bdf9
click==8.1.7
    # via black
    # via cellophane
    # via rich-click
colorama==0.4.6 ; platform_system == 'Windows' or sys_platform == 'win32'
    # via click
    # via pylint
    # via pytest
    # via tqdm
coverage==7.6.0
    # via pytest-cov
dill==0.3.8 ; python_version >= '3.11'
    # via multiprocess
    # via pylint
flake8==6.1.0
frozendict==2.4.4
    # via cellophane
gitdb==4.0.11
    # via gitpython
gitpython==3.1.43
    # via cellophane
gprof2dot==2024.6.6
    # via pytest-profiling
humanfriendly==10.0
    # via cellophane
iniconfig==2.0.0
    # via pytest
isort==5.13.2
    # via pylint
jsonschema==4.23.0
    # via cellophane
jsonschema-specifications==2023.12.1
    # via jsonschema
markdown-it-py==3.0.0
    # via rich
mccabe==0.7.0
    # via flake8
    # via pylint
mdurl==0.1.2
    # via markdown-it-py
mpire==2.10.2
    # via cellophane
multiprocess==0.70.16 ; python_version >= '3.11'
    # via mpire
mypy==1.10.1
mypy-extensions==1.0.0
    # via black
    # via mypy
packaging==24.1
    # via black
    # via cellophane
    # via pytest
pathspec==0.12.1
    # via black
platformdirs==4.2.2
    # via black
    # via pylint
pluggy==1.5.0
    # via pytest
pprintpp==0.4.0
    # via pytest-clarity
prompt-toolkit==3.0.36
    # via questionary
psutil==5.9.8
    # via cellophane
pycodestyle==2.11.1
    # via flake8
pyflakes==3.1.0
    # via flake8
pygments==2.18.0
    # via mpire
    # via rich
pylint==3.2.5
pyreadline3==3.4.1 ; python_version >= '3.8' and sys_platform == 'win32'
    # via humanfriendly
pytest==8.2.2
    # via pytest-clarity
    # via pytest-cov
    # via pytest-mock
    # via pytest-profiling
pytest-clarity==1.0.1
pytest-cov==4.1.0
pytest-mock==3.14.0
pytest-profiling==1.7.0
    # via cellophane
pywin32==306 ; platform_system == 'Windows'
    # via mpire
questionary==2.0.1
    # via cellophane
referencing==0.35.1
    # via jsonschema
    # via jsonschema-specifications
rich==13.7.1
    # via pytest-clarity
    # via rich-click
rich-click==1.8.3
    # via cellophane
rpds-py==0.19.0
    # via jsonschema
    # via referencing
ruamel-yaml==0.17.40
    # via cellophane
ruamel-yaml-clib==0.2.8 ; python_version < '3.13' and platform_python_implementation == 'CPython'
    # via ruamel-yaml
semver==3.0.2
    # via cellophane
six==1.16.0
    # via pytest-profiling
smmap==5.0.1
    # via gitdb
tomlkit==0.13.0
    # via pylint
tqdm==4.66.4
    # via mpire
typing-extensions==4.12.2
    # via mypy
    # via rich-click
uge-drmaa2 @ git+https://github.com/gridengine/drmaa2-python.git@033af2907f8c7bce7f2b963ef5f2ff3fbf5bdb68
wcwidth==0.2.13
    # via prompt-toolkit
xxhash==3.4.1
    # via cellophane
