# This file was autogenerated by uv via the following command:
#    uv export --no-hashes --no-dev
blinker==1.9.0
boto3==1.42.28
botocore==1.42.28
certifi==2026.1.4
charset-normalizer==3.4.4
click==8.3.1
colorama==0.4.6 ; sys_platform == 'win32'
deprecation==2.1.0
flask==3.1.2
humanfriendly==10.0
idna==3.11
itsdangerous==2.2.0
jinja2==3.1.6
jmespath==1.0.1
markupsafe==3.0.3
mistletoe==1.5.1
ngpiris==4.3.0
oauthlib==3.3.1
packaging==24.2
pyreadline3==3.5.4 ; sys_platform == 'win32'
python-dateutil==2.9.0.post0
requests==2.32.5
requests-oauthlib==2.0.0
s3transfer==0.16.0
six==1.17.0
slims-python-api==6.8.0
uge-drmaa2 @ git+https://github.com/gridengine/drmaa2-python.git@033af2907f8c7bce7f2b963ef5f2ff3fbf5bdb68
urllib3==1.26.18
werkzeug==3.1.5
