# generated by rye
# use `rye lock` or `rye sync` to update this lockfile
#
# last locked with the following flags:
#   pre: false
#   features: []
#   all-features: false
#   with-sources: false
#   generate-hashes: false
#   universal: true

blinker==1.8.2
    # via flask
certifi==2024.7.4
    # via requests
charset-normalizer==3.3.2
    # via requests
click==8.1.7
    # via flask
colorama==0.4.6 ; platform_system == 'Windows'
    # via click
deprecation==2.1.0
    # via slims-python-api
flask==3.0.3
    # via slims-python-api
humanfriendly==10.0
idna==3.7
    # via requests
itsdangerous==2.2.0
    # via flask
jinja2==3.1.4
    # via flask
markupsafe==2.1.5
    # via jinja2
    # via werkzeug
oauthlib==3.2.2
    # via requests-oauthlib
packaging==24.1
    # via deprecation
pyreadline3==3.4.1 ; python_version >= '3.8' and sys_platform == 'win32'
    # via humanfriendly
requests==2.32.3
    # via requests-oauthlib
    # via slims-python-api
requests-oauthlib==2.0.0
    # via slims-python-api
slims-python-api==6.8.0
urllib3==2.2.2
    # via requests
werkzeug==3.0.3
    # via flask
