# generated by rye
# use `rye lock` or `rye sync` to update this lockfile
#
# last locked with the following flags:
#   pre: false
#   features: []
#   all-features: false
#   with-sources: false
#   generate-hashes: false
#   universal: true

humanfriendly==10.0
pyreadline3==3.4.1 ; python_version >= '3.8' and sys_platform == 'win32'
    # via humanfriendly
